// !$*UTF8*$!
{
	archiveVersion = 1;
	classes = {
	};
	objectVersion = 48;
	objects = {

/* Begin PBXBuildFile section */
		33C61FFCC83FD4790C401A5C /* Pods_CodingChallenge.framework in Frameworks */ = {isa = PBXBuildFile; fileRef = 88D327534EE2E02B3DEFEBC6 /* Pods_CodingChallenge.framework */; };
		AC29FDC51F96F69B00CB5154 /* AppDelegate.swift in Sources */ = {isa = PBXBuildFile; fileRef = AC29FDC41F96F69B00CB5154 /* AppDelegate.swift */; };
		AC29FDC71F96F69B00CB5154 /* ViewController.swift in Sources */ = {isa = PBXBuildFile; fileRef = AC29FDC61F96F69B00CB5154 /* ViewController.swift */; };
		AC29FDCA1F96F69B00CB5154 /* Main.storyboard in Resources */ = {isa = PBXBuildFile; fileRef = AC29FDC81F96F69B00CB5154 /* Main.storyboard */; };
		AC29FDCC1F96F69B00CB5154 /* Assets.xcassets in Resources */ = {isa = PBXBuildFile; fileRef = AC29FDCB1F96F69B00CB5154 /* Assets.xcassets */; };
		AC29FDCF1F96F69B00CB5154 /* LaunchScreen.storyboard in Resources */ = {isa = PBXBuildFile; fileRef = AC29FDCD1F96F69B00CB5154 /* LaunchScreen.storyboard */; };
		AC29FDD81F96F7C500CB5154 /* APIRequest.swift in Sources */ = {isa = PBXBuildFile; fileRef = AC29FDD71F96F7C500CB5154 /* APIRequest.swift */; };
		AC29FDDA1F96F88700CB5154 /* AppConstants.swift in Sources */ = {isa = PBXBuildFile; fileRef = AC29FDD91F96F88700CB5154 /* AppConstants.swift */; };
		AC29FDDF1F96FD4C00CB5154 /* ArticlesReducer.swift in Sources */ = {isa = PBXBuildFile; fileRef = AC29FDDE1F96FD4C00CB5154 /* ArticlesReducer.swift */; };
		AC29FDE11F96FD6500CB5154 /* MerchandiseReducer.swift in Sources */ = {isa = PBXBuildFile; fileRef = AC29FDE01F96FD6500CB5154 /* MerchandiseReducer.swift */; };
		AC29FDE31F96FDA400CB5154 /* AppReducer.swift in Sources */ = {isa = PBXBuildFile; fileRef = AC29FDE21F96FDA400CB5154 /* AppReducer.swift */; };
		AC29FDE51F9700A100CB5154 /* GrailedRequest.swift in Sources */ = {isa = PBXBuildFile; fileRef = AC29FDE41F9700A100CB5154 /* GrailedRequest.swift */; };
		AC29FDE81F97018E00CB5154 /* Article.swift in Sources */ = {isa = PBXBuildFile; fileRef = AC29FDE71F97018E00CB5154 /* Article.swift */; };
		AC29FDEA1F9701AC00CB5154 /* Merchandise.swift in Sources */ = {isa = PBXBuildFile; fileRef = AC29FDE91F9701AC00CB5154 /* Merchandise.swift */; };
		AC29FDED1F9701F000CB5154 /* ArticleFactory.swift in Sources */ = {isa = PBXBuildFile; fileRef = AC29FDEC1F9701F000CB5154 /* ArticleFactory.swift */; };
		AC29FDEF1F9701FE00CB5154 /* MerchandiseFactory.swift in Sources */ = {isa = PBXBuildFile; fileRef = AC29FDEE1F9701FE00CB5154 /* MerchandiseFactory.swift */; };
		AC29FDF11F9703CB00CB5154 /* GrailedTranslator.swift in Sources */ = {isa = PBXBuildFile; fileRef = AC29FDF01F9703CB00CB5154 /* GrailedTranslator.swift */; };
		AC29FDF41F97056A00CB5154 /* ArticleActions.swift in Sources */ = {isa = PBXBuildFile; fileRef = AC29FDF31F97056A00CB5154 /* ArticleActions.swift */; };
		AC41997E1F98393600FEC8E7 /* BrowsableTableViewCell.swift in Sources */ = {isa = PBXBuildFile; fileRef = AC41997D1F98393600FEC8E7 /* BrowsableTableViewCell.swift */; };
		AC4199801F9839B600FEC8E7 /* BrowsableTableViewCell.xib in Resources */ = {isa = PBXBuildFile; fileRef = AC41997F1F9839B600FEC8E7 /* BrowsableTableViewCell.xib */; };
		AC4199821F98400100FEC8E7 /* BrowsableItem.swift in Sources */ = {isa = PBXBuildFile; fileRef = AC4199811F98400100FEC8E7 /* BrowsableItem.swift */; };
		AC4199871F984BCD00FEC8E7 /* ConvertDates.swift in Sources */ = {isa = PBXBuildFile; fileRef = AC4199861F984BCD00FEC8E7 /* ConvertDates.swift */; };
		AC4199891F98550C00FEC8E7 /* MerchandiseActions.swift in Sources */ = {isa = PBXBuildFile; fileRef = AC4199881F98550C00FEC8E7 /* MerchandiseActions.swift */; };
/* End PBXBuildFile section */

/* Begin PBXFileReference section */
		4D4CF47EAD53A3A251FC9582 /* Pods-CodingChallenge.release.xcconfig */ = {isa = PBXFileReference; includeInIndex = 1; lastKnownFileType = text.xcconfig; name = "Pods-CodingChallenge.release.xcconfig"; path = "Pods/Target Support Files/Pods-CodingChallenge/Pods-CodingChallenge.release.xcconfig"; sourceTree = "<group>"; };
		88D327534EE2E02B3DEFEBC6 /* Pods_CodingChallenge.framework */ = {isa = PBXFileReference; explicitFileType = wrapper.framework; includeInIndex = 0; path = Pods_CodingChallenge.framework; sourceTree = BUILT_PRODUCTS_DIR; };
		8C497CB1D7C2372AFB330983 /* Pods-CodingChallenge.debug.xcconfig */ = {isa = PBXFileReference; includeInIndex = 1; lastKnownFileType = text.xcconfig; name = "Pods-CodingChallenge.debug.xcconfig"; path = "Pods/Target Support Files/Pods-CodingChallenge/Pods-CodingChallenge.debug.xcconfig"; sourceTree = "<group>"; };
		AC29FDC11F96F69B00CB5154 /* CodingChallenge.app */ = {isa = PBXFileReference; explicitFileType = wrapper.application; includeInIndex = 0; path = CodingChallenge.app; sourceTree = BUILT_PRODUCTS_DIR; };
		AC29FDC41F96F69B00CB5154 /* AppDelegate.swift */ = {isa = PBXFileReference; lastKnownFileType = sourcecode.swift; path = AppDelegate.swift; sourceTree = "<group>"; };
		AC29FDC61F96F69B00CB5154 /* ViewController.swift */ = {isa = PBXFileReference; lastKnownFileType = sourcecode.swift; path = ViewController.swift; sourceTree = "<group>"; };
		AC29FDC91F96F69B00CB5154 /* Base */ = {isa = PBXFileReference; lastKnownFileType = file.storyboard; name = Base; path = Base.lproj/Main.storyboard; sourceTree = "<group>"; };
		AC29FDCB1F96F69B00CB5154 /* Assets.xcassets */ = {isa = PBXFileReference; lastKnownFileType = folder.assetcatalog; path = Assets.xcassets; sourceTree = "<group>"; };
		AC29FDCE1F96F69B00CB5154 /* Base */ = {isa = PBXFileReference; lastKnownFileType = file.storyboard; name = Base; path = Base.lproj/LaunchScreen.storyboard; sourceTree = "<group>"; };
		AC29FDD01F96F69B00CB5154 /* Info.plist */ = {isa = PBXFileReference; lastKnownFileType = text.plist.xml; path = Info.plist; sourceTree = "<group>"; };
		AC29FDD71F96F7C500CB5154 /* APIRequest.swift */ = {isa = PBXFileReference; lastKnownFileType = sourcecode.swift; path = APIRequest.swift; sourceTree = "<group>"; };
		AC29FDD91F96F88700CB5154 /* AppConstants.swift */ = {isa = PBXFileReference; lastKnownFileType = sourcecode.swift; path = AppConstants.swift; sourceTree = "<group>"; };
		AC29FDDE1F96FD4C00CB5154 /* ArticlesReducer.swift */ = {isa = PBXFileReference; lastKnownFileType = sourcecode.swift; path = ArticlesReducer.swift; sourceTree = "<group>"; };
		AC29FDE01F96FD6500CB5154 /* MerchandiseReducer.swift */ = {isa = PBXFileReference; lastKnownFileType = sourcecode.swift; path = MerchandiseReducer.swift; sourceTree = "<group>"; };
		AC29FDE21F96FDA400CB5154 /* AppReducer.swift */ = {isa = PBXFileReference; lastKnownFileType = sourcecode.swift; path = AppReducer.swift; sourceTree = "<group>"; };
		AC29FDE41F9700A100CB5154 /* GrailedRequest.swift */ = {isa = PBXFileReference; lastKnownFileType = sourcecode.swift; path = GrailedRequest.swift; sourceTree = "<group>"; };
		AC29FDE71F97018E00CB5154 /* Article.swift */ = {isa = PBXFileReference; lastKnownFileType = sourcecode.swift; path = Article.swift; sourceTree = "<group>"; };
		AC29FDE91F9701AC00CB5154 /* Merchandise.swift */ = {isa = PBXFileReference; lastKnownFileType = sourcecode.swift; path = Merchandise.swift; sourceTree = "<group>"; };
		AC29FDEC1F9701F000CB5154 /* ArticleFactory.swift */ = {isa = PBXFileReference; lastKnownFileType = sourcecode.swift; path = ArticleFactory.swift; sourceTree = "<group>"; };
		AC29FDEE1F9701FE00CB5154 /* MerchandiseFactory.swift */ = {isa = PBXFileReference; lastKnownFileType = sourcecode.swift; path = MerchandiseFactory.swift; sourceTree = "<group>"; };
		AC29FDF01F9703CB00CB5154 /* GrailedTranslator.swift */ = {isa = PBXFileReference; lastKnownFileType = sourcecode.swift; path = GrailedTranslator.swift; sourceTree = "<group>"; };
		AC29FDF31F97056A00CB5154 /* ArticleActions.swift */ = {isa = PBXFileReference; lastKnownFileType = sourcecode.swift; path = ArticleActions.swift; sourceTree = "<group>"; };
		AC41997D1F98393600FEC8E7 /* BrowsableTableViewCell.swift */ = {isa = PBXFileReference; lastKnownFileType = sourcecode.swift; path = BrowsableTableViewCell.swift; sourceTree = "<group>"; };
		AC41997F1F9839B600FEC8E7 /* BrowsableTableViewCell.xib */ = {isa = PBXFileReference; lastKnownFileType = file.xib; path = BrowsableTableViewCell.xib; sourceTree = "<group>"; };
		AC4199811F98400100FEC8E7 /* BrowsableItem.swift */ = {isa = PBXFileReference; lastKnownFileType = sourcecode.swift; path = BrowsableItem.swift; sourceTree = "<group>"; };
		AC4199861F984BCD00FEC8E7 /* ConvertDates.swift */ = {isa = PBXFileReference; lastKnownFileType = sourcecode.swift; path = ConvertDates.swift; sourceTree = "<group>"; };
		AC4199881F98550C00FEC8E7 /* MerchandiseActions.swift */ = {isa = PBXFileReference; lastKnownFileType = sourcecode.swift; path = MerchandiseActions.swift; sourceTree = "<group>"; };
/* End PBXFileReference section */

/* Begin PBXFrameworksBuildPhase section */
		AC29FDBE1F96F69B00CB5154 /* Frameworks */ = {
			isa = PBXFrameworksBuildPhase;
			buildActionMask = 2147483647;
			files = (
				33C61FFCC83FD4790C401A5C /* Pods_CodingChallenge.framework in Frameworks */,
			);
			runOnlyForDeploymentPostprocessing = 0;
		};
/* End PBXFrameworksBuildPhase section */

/* Begin PBXGroup section */
		A6E96271B2AE2335C64E1D5B /* Frameworks */ = {
			isa = PBXGroup;
			children = (
				88D327534EE2E02B3DEFEBC6 /* Pods_CodingChallenge.framework */,
			);
			name = Frameworks;
			sourceTree = "<group>";
		};
		AC29FDB81F96F69B00CB5154 = {
			isa = PBXGroup;
			children = (
				AC29FDC31F96F69B00CB5154 /* CodingChallenge */,
				AC29FDC21F96F69B00CB5154 /* Products */,
				E8F9715D64D48D68E12B97F5 /* Pods */,
				A6E96271B2AE2335C64E1D5B /* Frameworks */,
			);
			sourceTree = "<group>";
		};
		AC29FDC21F96F69B00CB5154 /* Products */ = {
			isa = PBXGroup;
			children = (
				AC29FDC11F96F69B00CB5154 /* CodingChallenge.app */,
			);
			name = Products;
			sourceTree = "<group>";
		};
		AC29FDC31F96F69B00CB5154 /* CodingChallenge */ = {
			isa = PBXGroup;
			children = (
				AC4199851F984BA300FEC8E7 /* Utilities */,
				AC41997C1F98392500FEC8E7 /* TableViewCells */,
				AC29FDF21F97055C00CB5154 /* Actions */,
				AC29FDEB1F9701D500CB5154 /* Factories */,
				AC29FDE61F97018300CB5154 /* Models */,
				AC29FDDD1F96FD2F00CB5154 /* Reducers */,
				AC29FDD61F96F7B200CB5154 /* Networking */,
				AC29FDC41F96F69B00CB5154 /* AppDelegate.swift */,
				AC29FDC61F96F69B00CB5154 /* ViewController.swift */,
				AC29FDC81F96F69B00CB5154 /* Main.storyboard */,
				AC29FDCB1F96F69B00CB5154 /* Assets.xcassets */,
				AC29FDCD1F96F69B00CB5154 /* LaunchScreen.storyboard */,
				AC29FDD01F96F69B00CB5154 /* Info.plist */,
				AC29FDD91F96F88700CB5154 /* AppConstants.swift */,
			);
			path = CodingChallenge;
			sourceTree = "<group>";
		};
		AC29FDD61F96F7B200CB5154 /* Networking */ = {
			isa = PBXGroup;
			children = (
				AC29FDD71F96F7C500CB5154 /* APIRequest.swift */,
				AC29FDE41F9700A100CB5154 /* GrailedRequest.swift */,
				AC29FDF01F9703CB00CB5154 /* GrailedTranslator.swift */,
			);
			path = Networking;
			sourceTree = "<group>";
		};
		AC29FDDD1F96FD2F00CB5154 /* Reducers */ = {
			isa = PBXGroup;
			children = (
				AC29FDDE1F96FD4C00CB5154 /* ArticlesReducer.swift */,
				AC29FDE01F96FD6500CB5154 /* MerchandiseReducer.swift */,
				AC29FDE21F96FDA400CB5154 /* AppReducer.swift */,
			);
			path = Reducers;
			sourceTree = "<group>";
		};
		AC29FDE61F97018300CB5154 /* Models */ = {
			isa = PBXGroup;
			children = (
				AC29FDE71F97018E00CB5154 /* Article.swift */,
				AC29FDE91F9701AC00CB5154 /* Merchandise.swift */,
				AC4199811F98400100FEC8E7 /* BrowsableItem.swift */,
			);
			path = Models;
			sourceTree = "<group>";
		};
		AC29FDEB1F9701D500CB5154 /* Factories */ = {
			isa = PBXGroup;
			children = (
				AC29FDEC1F9701F000CB5154 /* ArticleFactory.swift */,
				AC29FDEE1F9701FE00CB5154 /* MerchandiseFactory.swift */,
			);
			path = Factories;
			sourceTree = "<group>";
		};
		AC29FDF21F97055C00CB5154 /* Actions */ = {
			isa = PBXGroup;
			children = (
				AC29FDF31F97056A00CB5154 /* ArticleActions.swift */,
				AC4199881F98550C00FEC8E7 /* MerchandiseActions.swift */,
			);
			path = Actions;
			sourceTree = "<group>";
		};
		AC41997C1F98392500FEC8E7 /* TableViewCells */ = {
			isa = PBXGroup;
			children = (
				AC41997D1F98393600FEC8E7 /* BrowsableTableViewCell.swift */,
				AC41997F1F9839B600FEC8E7 /* BrowsableTableViewCell.xib */,
			);
			path = TableViewCells;
			sourceTree = "<group>";
		};
		AC4199851F984BA300FEC8E7 /* Utilities */ = {
			isa = PBXGroup;
			children = (
				AC4199861F984BCD00FEC8E7 /* ConvertDates.swift */,
			);
			path = Utilities;
			sourceTree = "<group>";
		};
		E8F9715D64D48D68E12B97F5 /* Pods */ = {
			isa = PBXGroup;
			children = (
				8C497CB1D7C2372AFB330983 /* Pods-CodingChallenge.debug.xcconfig */,
				4D4CF47EAD53A3A251FC9582 /* Pods-CodingChallenge.release.xcconfig */,
			);
			name = Pods;
			sourceTree = "<group>";
		};
/* End PBXGroup section */

/* Begin PBXNativeTarget section */
		AC29FDC01F96F69B00CB5154 /* CodingChallenge */ = {
			isa = PBXNativeTarget;
			buildConfigurationList = AC29FDD31F96F69B00CB5154 /* Build configuration list for PBXNativeTarget "CodingChallenge" */;
			buildPhases = (
				566B22E5AB1AB3CB2DBC6842 /* [CP] Check Pods Manifest.lock */,
				AC29FDBD1F96F69B00CB5154 /* Sources */,
				AC29FDBE1F96F69B00CB5154 /* Frameworks */,
				AC29FDBF1F96F69B00CB5154 /* Resources */,
				1C4AC7B9E9512AA7AC8D32D3 /* [CP] Embed Pods Frameworks */,
				2879A7C33D72881CC021B152 /* [CP] Copy Pods Resources */,
			);
			buildRules = (
			);
			dependencies = (
			);
			name = CodingChallenge;
			productName = CodingChallenge;
			productReference = AC29FDC11F96F69B00CB5154 /* CodingChallenge.app */;
			productType = "com.apple.product-type.application";
		};
/* End PBXNativeTarget section */

/* Begin PBXProject section */
		AC29FDB91F96F69B00CB5154 /* Project object */ = {
			isa = PBXProject;
			attributes = {
				LastSwiftUpdateCheck = 0900;
				LastUpgradeCheck = 0900;
				ORGANIZATIONNAME = "Cody Pizzaia";
				TargetAttributes = {
					AC29FDC01F96F69B00CB5154 = {
						CreatedOnToolsVersion = 9.0;
						ProvisioningStyle = Automatic;
					};
				};
			};
			buildConfigurationList = AC29FDBC1F96F69B00CB5154 /* Build configuration list for PBXProject "CodingChallenge" */;
			compatibilityVersion = "Xcode 8.0";
			developmentRegion = en;
			hasScannedForEncodings = 0;
			knownRegions = (
				en,
				Base,
			);
			mainGroup = AC29FDB81F96F69B00CB5154;
			productRefGroup = AC29FDC21F96F69B00CB5154 /* Products */;
			projectDirPath = "";
			projectRoot = "";
			targets = (
				AC29FDC01F96F69B00CB5154 /* CodingChallenge */,
			);
		};
/* End PBXProject section */

/* Begin PBXResourcesBuildPhase section */
		AC29FDBF1F96F69B00CB5154 /* Resources */ = {
			isa = PBXResourcesBuildPhase;
			buildActionMask = 2147483647;
			files = (
				AC4199801F9839B600FEC8E7 /* BrowsableTableViewCell.xib in Resources */,
				AC29FDCF1F96F69B00CB5154 /* LaunchScreen.storyboard in Resources */,
				AC29FDCC1F96F69B00CB5154 /* Assets.xcassets in Resources */,
				AC29FDCA1F96F69B00CB5154 /* Main.storyboard in Resources */,
			);
			runOnlyForDeploymentPostprocessing = 0;
		};
/* End PBXResourcesBuildPhase section */

/* Begin PBXShellScriptBuildPhase section */
		1C4AC7B9E9512AA7AC8D32D3 /* [CP] Embed Pods Frameworks */ = {
			isa = PBXShellScriptBuildPhase;
			buildActionMask = 2147483647;
			files = (
			);
			inputPaths = (
				"${SRCROOT}/Pods/Target Support Files/Pods-CodingChallenge/Pods-CodingChallenge-frameworks.sh",
				"${BUILT_PRODUCTS_DIR}/Alamofire/Alamofire.framework",
				"${BUILT_PRODUCTS_DIR}/ReSwift/ReSwift.framework",
				"${BUILT_PRODUCTS_DIR}/SDWebImage/SDWebImage.framework",
				"${BUILT_PRODUCTS_DIR}/SwiftyJSON/SwiftyJSON.framework",
			);
			name = "[CP] Embed Pods Frameworks";
			outputPaths = (
				"${TARGET_BUILD_DIR}/${FRAMEWORKS_FOLDER_PATH}/Alamofire.framework",
				"${TARGET_BUILD_DIR}/${FRAMEWORKS_FOLDER_PATH}/ReSwift.framework",
				"${TARGET_BUILD_DIR}/${FRAMEWORKS_FOLDER_PATH}/SDWebImage.framework",
				"${TARGET_BUILD_DIR}/${FRAMEWORKS_FOLDER_PATH}/SwiftyJSON.framework",
			);
			runOnlyForDeploymentPostprocessing = 0;
			shellPath = /bin/sh;
			shellScript = "\"${SRCROOT}/Pods/Target Support Files/Pods-CodingChallenge/Pods-CodingChallenge-frameworks.sh\"\n";
			showEnvVarsInLog = 0;
		};
		2879A7C33D72881CC021B152 /* [CP] Copy Pods Resources */ = {
			isa = PBXShellScriptBuildPhase;
			buildActionMask = 2147483647;
			files = (
			);
			inputPaths = (
			);
			name = "[CP] Copy Pods Resources";
			outputPaths = (
			);
			runOnlyForDeploymentPostprocessing = 0;
			shellPath = /bin/sh;
			shellScript = "\"${SRCROOT}/Pods/Target Support Files/Pods-CodingChallenge/Pods-CodingChallenge-resources.sh\"\n";
			showEnvVarsInLog = 0;
		};
		566B22E5AB1AB3CB2DBC6842 /* [CP] Check Pods Manifest.lock */ = {
			isa = PBXShellScriptBuildPhase;
			buildActionMask = 2147483647;
			files = (
			);
			inputPaths = (
				"${PODS_PODFILE_DIR_PATH}/Podfile.lock",
				"${PODS_ROOT}/Manifest.lock",
			);
			name = "[CP] Check Pods Manifest.lock";
			outputPaths = (
				"$(DERIVED_FILE_DIR)/Pods-CodingChallenge-checkManifestLockResult.txt",
			);
			runOnlyForDeploymentPostprocessing = 0;
			shellPath = /bin/sh;
			shellScript = "diff \"${PODS_PODFILE_DIR_PATH}/Podfile.lock\" \"${PODS_ROOT}/Manifest.lock\" > /dev/null\nif [ $? != 0 ] ; then\n    # print error to STDERR\n    echo \"error: The sandbox is not in sync with the Podfile.lock. Run 'pod install' or update your CocoaPods installation.\" >&2\n    exit 1\nfi\n# This output is used by Xcode 'outputs' to avoid re-running this script phase.\necho \"SUCCESS\" > \"${SCRIPT_OUTPUT_FILE_0}\"\n";
			showEnvVarsInLog = 0;
		};
/* End PBXShellScriptBuildPhase section */

/* Begin PBXSourcesBuildPhase section */
		AC29FDBD1F96F69B00CB5154 /* Sources */ = {
			isa = PBXSourcesBuildPhase;
			buildActionMask = 2147483647;
			files = (
				AC29FDF11F9703CB00CB5154 /* GrailedTranslator.swift in Sources */,
				AC29FDE51F9700A100CB5154 /* GrailedRequest.swift in Sources */,
				AC29FDC71F96F69B00CB5154 /* ViewController.swift in Sources */,
				AC29FDE81F97018E00CB5154 /* Article.swift in Sources */,
				AC29FDF41F97056A00CB5154 /* ArticleActions.swift in Sources */,
				AC29FDDF1F96FD4C00CB5154 /* ArticlesReducer.swift in Sources */,
				AC29FDD81F96F7C500CB5154 /* APIRequest.swift in Sources */,
				AC29FDC51F96F69B00CB5154 /* AppDelegate.swift in Sources */,
				AC41997E1F98393600FEC8E7 /* BrowsableTableViewCell.swift in Sources */,
				AC4199871F984BCD00FEC8E7 /* ConvertDates.swift in Sources */,
				AC29FDED1F9701F000CB5154 /* ArticleFactory.swift in Sources */,
				AC29FDE11F96FD6500CB5154 /* MerchandiseReducer.swift in Sources */,
				AC4199821F98400100FEC8E7 /* BrowsableItem.swift in Sources */,
				AC4199891F98550C00FEC8E7 /* MerchandiseActions.swift in Sources */,
				AC29FDEA1F9701AC00CB5154 /* Merchandise.swift in Sources */,
				AC29FDE31F96FDA400CB5154 /* AppReducer.swift in Sources */,
				AC29FDEF1F9701FE00CB5154 /* MerchandiseFactory.swift in Sources */,
				AC29FDDA1F96F88700CB5154 /* AppConstants.swift in Sources */,
			);
			runOnlyForDeploymentPostprocessing = 0;
		};
/* End PBXSourcesBuildPhase section */

/* Begin PBXVariantGroup section */
		AC29FDC81F96F69B00CB5154 /* Main.storyboard */ = {
			isa = PBXVariantGroup;
			children = (
				AC29FDC91F96F69B00CB5154 /* Base */,
			);
			name = Main.storyboard;
			sourceTree = "<group>";
		};
		AC29FDCD1F96F69B00CB5154 /* LaunchScreen.storyboard */ = {
			isa = PBXVariantGroup;
			children = (
				AC29FDCE1F96F69B00CB5154 /* Base */,
			);
			name = LaunchScreen.storyboard;
			sourceTree = "<group>";
		};
/* End PBXVariantGroup section */

/* Begin XCBuildConfiguration section */
		AC29FDD11F96F69B00CB5154 /* Debug */ = {
			isa = XCBuildConfiguration;
			buildSettings = {
				ALWAYS_SEARCH_USER_PATHS = NO;
				CLANG_ANALYZER_NONNULL = YES;
				CLANG_ANALYZER_NUMBER_OBJECT_CONVERSION = YES_AGGRESSIVE;
				CLANG_CXX_LANGUAGE_STANDARD = "gnu++14";
				CLANG_CXX_LIBRARY = "libc++";
				CLANG_ENABLE_MODULES = YES;
				CLANG_ENABLE_OBJC_ARC = YES;
				CLANG_WARN_BLOCK_CAPTURE_AUTORELEASING = YES;
				CLANG_WARN_BOOL_CONVERSION = YES;
				CLANG_WARN_COMMA = YES;
				CLANG_WARN_CONSTANT_CONVERSION = YES;
				CLANG_WARN_DIRECT_OBJC_ISA_USAGE = YES_ERROR;
				CLANG_WARN_DOCUMENTATION_COMMENTS = YES;
				CLANG_WARN_EMPTY_BODY = YES;
				CLANG_WARN_ENUM_CONVERSION = YES;
				CLANG_WARN_INFINITE_RECURSION = YES;
				CLANG_WARN_INT_CONVERSION = YES;
				CLANG_WARN_NON_LITERAL_NULL_CONVERSION = YES;
				CLANG_WARN_OBJC_LITERAL_CONVERSION = YES;
				CLANG_WARN_OBJC_ROOT_CLASS = YES_ERROR;
				CLANG_WARN_RANGE_LOOP_ANALYSIS = YES;
				CLANG_WARN_STRICT_PROTOTYPES = YES;
				CLANG_WARN_SUSPICIOUS_MOVE = YES;
				CLANG_WARN_UNGUARDED_AVAILABILITY = YES_AGGRESSIVE;
				CLANG_WARN_UNREACHABLE_CODE = YES;
				CLANG_WARN__DUPLICATE_METHOD_MATCH = YES;
				CODE_SIGN_IDENTITY = "iPhone Developer";
				COPY_PHASE_STRIP = NO;
				DEBUG_INFORMATION_FORMAT = dwarf;
				ENABLE_STRICT_OBJC_MSGSEND = YES;
				ENABLE_TESTABILITY = YES;
				GCC_C_LANGUAGE_STANDARD = gnu11;
				GCC_DYNAMIC_NO_PIC = NO;
				GCC_NO_COMMON_BLOCKS = YES;
				GCC_OPTIMIZATION_LEVEL = 0;
				GCC_PREPROCESSOR_DEFINITIONS = (
					"DEBUG=1",
					"$(inherited)",
				);
				GCC_WARN_64_TO_32_BIT_CONVERSION = YES;
				GCC_WARN_ABOUT_RETURN_TYPE = YES_ERROR;
				GCC_WARN_UNDECLARED_SELECTOR = YES;
				GCC_WARN_UNINITIALIZED_AUTOS = YES_AGGRESSIVE;
				GCC_WARN_UNUSED_FUNCTION = YES;
				GCC_WARN_UNUSED_VARIABLE = YES;
				IPHONEOS_DEPLOYMENT_TARGET = 11.0;
				MTL_ENABLE_DEBUG_INFO = YES;
				ONLY_ACTIVE_ARCH = YES;
				SDKROOT = iphoneos;
				SWIFT_ACTIVE_COMPILATION_CONDITIONS = DEBUG;
				SWIFT_OPTIMIZATION_LEVEL = "-Onone";
			};
			name = Debug;
		};
		AC29FDD21F96F69B00CB5154 /* Release */ = {
			isa = XCBuildConfiguration;
			buildSettings = {
				ALWAYS_SEARCH_USER_PATHS = NO;
				CLANG_ANALYZER_NONNULL = YES;
				CLANG_ANALYZER_NUMBER_OBJECT_CONVERSION = YES_AGGRESSIVE;
				CLANG_CXX_LANGUAGE_STANDARD = "gnu++14";
				CLANG_CXX_LIBRARY = "libc++";
				CLANG_ENABLE_MODULES = YES;
				CLANG_ENABLE_OBJC_ARC = YES;
				CLANG_WARN_BLOCK_CAPTURE_AUTORELEASING = YES;
				CLANG_WARN_BOOL_CONVERSION = YES;
				CLANG_WARN_COMMA = YES;
				CLANG_WARN_CONSTANT_CONVERSION = YES;
				CLANG_WARN_DIRECT_OBJC_ISA_USAGE = YES_ERROR;
				CLANG_WARN_DOCUMENTATION_COMMENTS = YES;
				CLANG_WARN_EMPTY_BODY = YES;
				CLANG_WARN_ENUM_CONVERSION = YES;
				CLANG_WARN_INFINITE_RECURSION = YES;
				CLANG_WARN_INT_CONVERSION = YES;
				CLANG_WARN_NON_LITERAL_NULL_CONVERSION = YES;
				CLANG_WARN_OBJC_LITERAL_CONVERSION = YES;
				CLANG_WARN_OBJC_ROOT_CLASS = YES_ERROR;
				CLANG_WARN_RANGE_LOOP_ANALYSIS = YES;
				CLANG_WARN_STRICT_PROTOTYPES = YES;
				CLANG_WARN_SUSPICIOUS_MOVE = YES;
				CLANG_WARN_UNGUARDED_AVAILABILITY = YES_AGGRESSIVE;
				CLANG_WARN_UNREACHABLE_CODE = YES;
				CLANG_WARN__DUPLICATE_METHOD_MATCH = YES;
				CODE_SIGN_IDENTITY = "iPhone Developer";
				COPY_PHASE_STRIP = NO;
				DEBUG_INFORMATION_FORMAT = "dwarf-with-dsym";
				ENABLE_NS_ASSERTIONS = NO;
				ENABLE_STRICT_OBJC_MSGSEND = YES;
				GCC_C_LANGUAGE_STANDARD = gnu11;
				GCC_NO_COMMON_BLOCKS = YES;
				GCC_WARN_64_TO_32_BIT_CONVERSION = YES;
				GCC_WARN_ABOUT_RETURN_TYPE = YES_ERROR;
				GCC_WARN_UNDECLARED_SELECTOR = YES;
				GCC_WARN_UNINITIALIZED_AUTOS = YES_AGGRESSIVE;
				GCC_WARN_UNUSED_FUNCTION = YES;
				GCC_WARN_UNUSED_VARIABLE = YES;
				IPHONEOS_DEPLOYMENT_TARGET = 11.0;
				MTL_ENABLE_DEBUG_INFO = NO;
				SDKROOT = iphoneos;
				SWIFT_OPTIMIZATION_LEVEL = "-Owholemodule";
				VALIDATE_PRODUCT = YES;
			};
			name = Release;
		};
		AC29FDD41F96F69B00CB5154 /* Debug */ = {
			isa = XCBuildConfiguration;
			baseConfigurationReference = 8C497CB1D7C2372AFB330983 /* Pods-CodingChallenge.debug.xcconfig */;
			buildSettings = {
				ASSETCATALOG_COMPILER_APPICON_NAME = AppIcon;
				CODE_SIGN_STYLE = Automatic;
				DEVELOPMENT_TEAM = W6Y8FXYPMN;
				INFOPLIST_FILE = CodingChallenge/Info.plist;
				LD_RUNPATH_SEARCH_PATHS = "$(inherited) @executable_path/Frameworks";
				PRODUCT_BUNDLE_IDENTIFIER = CP.CodingChallenge;
				PRODUCT_NAME = "$(TARGET_NAME)";
				SWIFT_VERSION = 4.0;
				TARGETED_DEVICE_FAMILY = "1,2";
			};
			name = Debug;
		};
		AC29FDD51F96F69B00CB5154 /* Release */ = {
			isa = XCBuildConfiguration;
			baseConfigurationReference = 4D4CF47EAD53A3A251FC9582 /* Pods-CodingChallenge.release.xcconfig */;
			buildSettings = {
				ASSETCATALOG_COMPILER_APPICON_NAME = AppIcon;
				CODE_SIGN_STYLE = Automatic;
				DEVELOPMENT_TEAM = W6Y8FXYPMN;
				INFOPLIST_FILE = CodingChallenge/Info.plist;
				LD_RUNPATH_SEARCH_PATHS = "$(inherited) @executable_path/Frameworks";
				PRODUCT_BUNDLE_IDENTIFIER = CP.CodingChallenge;
				PRODUCT_NAME = "$(TARGET_NAME)";
				SWIFT_VERSION = 4.0;
				TARGETED_DEVICE_FAMILY = "1,2";
			};
			name = Release;
		};
/* End XCBuildConfiguration section */

/* Begin XCConfigurationList section */
		AC29FDBC1F96F69B00CB5154 /* Build configuration list for PBXProject "CodingChallenge" */ = {
			isa = XCConfigurationList;
			buildConfigurations = (
				AC29FDD11F96F69B00CB5154 /* Debug */,
				AC29FDD21F96F69B00CB5154 /* Release */,
			);
			defaultConfigurationIsVisible = 0;
			defaultConfigurationName = Release;
		};
		AC29FDD31F96F69B00CB5154 /* Build configuration list for PBXNativeTarget "CodingChallenge" */ = {
			isa = XCConfigurationList;
			buildConfigurations = (
				AC29FDD41F96F69B00CB5154 /* Debug */,
				AC29FDD51F96F69B00CB5154 /* Release */,
			);
			defaultConfigurationIsVisible = 0;
			defaultConfigurationName = Release;
		};
/* End XCConfigurationList section */
	};
	rootObject = AC29FDB91F96F69B00CB5154 /* Project object */;
}
